// !$*UTF8*$!
{
	archiveVersion = 1;
	classes = {
	};
	objectVersion = 46;
	objects = {

/* Begin PBXBuildFile section */
		2C2D08D91BAF3046006205F1 /* DropDownOptionMenu.xib in Resources */ = {isa = PBXBuildFile; fileRef = 2C2D08D81BAF3046006205F1 /* DropDownOptionMenu.xib */; settings = {ASSET_TAGS = (); }; };
		2C2D08DC1BAF59CE006205F1 /* backv_deck_dark@2x.png in Resources */ = {isa = PBXBuildFile; fileRef = 2C2D08DA1BAF59CE006205F1 /* backv_deck_dark@2x.png */; settings = {ASSET_TAGS = (); }; };
		2C2D08DD1BAF59CE006205F1 /* backv_deck@2x.png in Resources */ = {isa = PBXBuildFile; fileRef = 2C2D08DB1BAF59CE006205F1 /* backv_deck@2x.png */; settings = {ASSET_TAGS = (); }; };
		2C2D09141BAF7088006205F1 /* 1@2x.png in Resources */ = {isa = PBXBuildFile; fileRef = 2C2D08DE1BAF7088006205F1 /* 1@2x.png */; settings = {ASSET_TAGS = (); }; };
		2C2D09151BAF7088006205F1 /* 2@2x.png in Resources */ = {isa = PBXBuildFile; fileRef = 2C2D08DF1BAF7088006205F1 /* 2@2x.png */; settings = {ASSET_TAGS = (); }; };
		2C2D09161BAF7088006205F1 /* 3@2x.png in Resources */ = {isa = PBXBuildFile; fileRef = 2C2D08E01BAF7088006205F1 /* 3@2x.png */; settings = {ASSET_TAGS = (); }; };
		2C2D09171BAF7088006205F1 /* 4@2x.png in Resources */ = {isa = PBXBuildFile; fileRef = 2C2D08E11BAF7088006205F1 /* 4@2x.png */; settings = {ASSET_TAGS = (); }; };
		2C2D09181BAF7088006205F1 /* 5@2x.png in Resources */ = {isa = PBXBuildFile; fileRef = 2C2D08E21BAF7088006205F1 /* 5@2x.png */; settings = {ASSET_TAGS = (); }; };
		2C2D09191BAF7088006205F1 /* 6@2x.png in Resources */ = {isa = PBXBuildFile; fileRef = 2C2D08E31BAF7088006205F1 /* 6@2x.png */; settings = {ASSET_TAGS = (); }; };
		2C2D091A1BAF7088006205F1 /* 7@2x.png in Resources */ = {isa = PBXBuildFile; fileRef = 2C2D08E41BAF7088006205F1 /* 7@2x.png */; settings = {ASSET_TAGS = (); }; };
		2C2D091B1BAF7088006205F1 /* 8@2x.png in Resources */ = {isa = PBXBuildFile; fileRef = 2C2D08E51BAF7088006205F1 /* 8@2x.png */; settings = {ASSET_TAGS = (); }; };
		2C2D091C1BAF7088006205F1 /* 9@2x.png in Resources */ = {isa = PBXBuildFile; fileRef = 2C2D08E61BAF7088006205F1 /* 9@2x.png */; settings = {ASSET_TAGS = (); }; };
		2C2D091D1BAF7088006205F1 /* 10@2x.png in Resources */ = {isa = PBXBuildFile; fileRef = 2C2D08E71BAF7088006205F1 /* 10@2x.png */; settings = {ASSET_TAGS = (); }; };
		2C2D091E1BAF7088006205F1 /* 11@2x.png in Resources */ = {isa = PBXBuildFile; fileRef = 2C2D08E81BAF7088006205F1 /* 11@2x.png */; settings = {ASSET_TAGS = (); }; };
		2C2D091F1BAF7088006205F1 /* 12@2x.png in Resources */ = {isa = PBXBuildFile; fileRef = 2C2D08E91BAF7088006205F1 /* 12@2x.png */; settings = {ASSET_TAGS = (); }; };
		2C2D09201BAF7088006205F1 /* 13@2x.png in Resources */ = {isa = PBXBuildFile; fileRef = 2C2D08EA1BAF7088006205F1 /* 13@2x.png */; settings = {ASSET_TAGS = (); }; };
		2C2D09211BAF7088006205F1 /* 14@2x.png in Resources */ = {isa = PBXBuildFile; fileRef = 2C2D08EB1BAF7088006205F1 /* 14@2x.png */; settings = {ASSET_TAGS = (); }; };
		2C2D09221BAF7088006205F1 /* 15@2x.png in Resources */ = {isa = PBXBuildFile; fileRef = 2C2D08EC1BAF7088006205F1 /* 15@2x.png */; settings = {ASSET_TAGS = (); }; };
		2C2D09231BAF7088006205F1 /* 16@2x.png in Resources */ = {isa = PBXBuildFile; fileRef = 2C2D08ED1BAF7088006205F1 /* 16@2x.png */; settings = {ASSET_TAGS = (); }; };
		2C2D09241BAF7088006205F1 /* 17@2x.png in Resources */ = {isa = PBXBuildFile; fileRef = 2C2D08EE1BAF7088006205F1 /* 17@2x.png */; settings = {ASSET_TAGS = (); }; };
		2C2D09251BAF7088006205F1 /* 18@2x.png in Resources */ = {isa = PBXBuildFile; fileRef = 2C2D08EF1BAF7088006205F1 /* 18@2x.png */; settings = {ASSET_TAGS = (); }; };
		2C2D09261BAF7088006205F1 /* 19@2x.png in Resources */ = {isa = PBXBuildFile; fileRef = 2C2D08F01BAF7088006205F1 /* 19@2x.png */; settings = {ASSET_TAGS = (); }; };
		2C2D09271BAF7088006205F1 /* 20@2x.png in Resources */ = {isa = PBXBuildFile; fileRef = 2C2D08F11BAF7088006205F1 /* 20@2x.png */; settings = {ASSET_TAGS = (); }; };
		2C2D09281BAF7088006205F1 /* 21@2x.png in Resources */ = {isa = PBXBuildFile; fileRef = 2C2D08F21BAF7088006205F1 /* 21@2x.png */; settings = {ASSET_TAGS = (); }; };
		2C2D09291BAF7088006205F1 /* 22@2x.png in Resources */ = {isa = PBXBuildFile; fileRef = 2C2D08F31BAF7088006205F1 /* 22@2x.png */; settings = {ASSET_TAGS = (); }; };
		2C2D092A1BAF7088006205F1 /* 23@2x.png in Resources */ = {isa = PBXBuildFile; fileRef = 2C2D08F41BAF7088006205F1 /* 23@2x.png */; settings = {ASSET_TAGS = (); }; };
		2C2D092B1BAF7088006205F1 /* 24@2x.png in Resources */ = {isa = PBXBuildFile; fileRef = 2C2D08F51BAF7088006205F1 /* 24@2x.png */; settings = {ASSET_TAGS = (); }; };
		2C2D092C1BAF7088006205F1 /* 25@2x.png in Resources */ = {isa = PBXBuildFile; fileRef = 2C2D08F61BAF7088006205F1 /* 25@2x.png */; settings = {ASSET_TAGS = (); }; };
		2C2D092D1BAF7088006205F1 /* 26@2x.png in Resources */ = {isa = PBXBuildFile; fileRef = 2C2D08F71BAF7088006205F1 /* 26@2x.png */; settings = {ASSET_TAGS = (); }; };
		2C2D092E1BAF7088006205F1 /* 27@2x.png in Resources */ = {isa = PBXBuildFile; fileRef = 2C2D08F81BAF7088006205F1 /* 27@2x.png */; settings = {ASSET_TAGS = (); }; };
		2C2D092F1BAF7088006205F1 /* 28@2x.png in Resources */ = {isa = PBXBuildFile; fileRef = 2C2D08F91BAF7088006205F1 /* 28@2x.png */; settings = {ASSET_TAGS = (); }; };
		2C2D09301BAF7088006205F1 /* 29@2x.png in Resources */ = {isa = PBXBuildFile; fileRef = 2C2D08FA1BAF7088006205F1 /* 29@2x.png */; settings = {ASSET_TAGS = (); }; };
		2C2D09311BAF7088006205F1 /* 30@2x.png in Resources */ = {isa = PBXBuildFile; fileRef = 2C2D08FB1BAF7088006205F1 /* 30@2x.png */; settings = {ASSET_TAGS = (); }; };
		2C2D09321BAF7088006205F1 /* 31@2x.png in Resources */ = {isa = PBXBuildFile; fileRef = 2C2D08FC1BAF7088006205F1 /* 31@2x.png */; settings = {ASSET_TAGS = (); }; };
		2C2D09331BAF7088006205F1 /* 32@2x.png in Resources */ = {isa = PBXBuildFile; fileRef = 2C2D08FD1BAF7088006205F1 /* 32@2x.png */; settings = {ASSET_TAGS = (); }; };
		2C2D09341BAF7088006205F1 /* 33@2x.png in Resources */ = {isa = PBXBuildFile; fileRef = 2C2D08FE1BAF7088006205F1 /* 33@2x.png */; settings = {ASSET_TAGS = (); }; };
		2C2D09351BAF7088006205F1 /* 34@2x.png in Resources */ = {isa = PBXBuildFile; fileRef = 2C2D08FF1BAF7088006205F1 /* 34@2x.png */; settings = {ASSET_TAGS = (); }; };
		2C2D09361BAF7088006205F1 /* 35@2x.png in Resources */ = {isa = PBXBuildFile; fileRef = 2C2D09001BAF7088006205F1 /* 35@2x.png */; settings = {ASSET_TAGS = (); }; };
		2C2D09371BAF7088006205F1 /* 36@2x.png in Resources */ = {isa = PBXBuildFile; fileRef = 2C2D09011BAF7088006205F1 /* 36@2x.png */; settings = {ASSET_TAGS = (); }; };
		2C2D09381BAF7088006205F1 /* 37@2x.png in Resources */ = {isa = PBXBuildFile; fileRef = 2C2D09021BAF7088006205F1 /* 37@2x.png */; settings = {ASSET_TAGS = (); }; };
		2C2D09391BAF7088006205F1 /* 38@2x.png in Resources */ = {isa = PBXBuildFile; fileRef = 2C2D09031BAF7088006205F1 /* 38@2x.png */; settings = {ASSET_TAGS = (); }; };
		2C2D093A1BAF7088006205F1 /* 39@2x.png in Resources */ = {isa = PBXBuildFile; fileRef = 2C2D09041BAF7088006205F1 /* 39@2x.png */; settings = {ASSET_TAGS = (); }; };
		2C2D093B1BAF7088006205F1 /* 40@2x.png in Resources */ = {isa = PBXBuildFile; fileRef = 2C2D09051BAF7088006205F1 /* 40@2x.png */; settings = {ASSET_TAGS = (); }; };
		2C2D093C1BAF7088006205F1 /* 41@2x.png in Resources */ = {isa = PBXBuildFile; fileRef = 2C2D09061BAF7088006205F1 /* 41@2x.png */; settings = {ASSET_TAGS = (); }; };
		2C2D093D1BAF7088006205F1 /* 42@2x.png in Resources */ = {isa = PBXBuildFile; fileRef = 2C2D09071BAF7088006205F1 /* 42@2x.png */; settings = {ASSET_TAGS = (); }; };
		2C2D093E1BAF7088006205F1 /* 43@2x.png in Resources */ = {isa = PBXBuildFile; fileRef = 2C2D09081BAF7088006205F1 /* 43@2x.png */; settings = {ASSET_TAGS = (); }; };
		2C2D093F1BAF7088006205F1 /* 44@2x.png in Resources */ = {isa = PBXBuildFile; fileRef = 2C2D09091BAF7088006205F1 /* 44@2x.png */; settings = {ASSET_TAGS = (); }; };
		2C2D09401BAF7088006205F1 /* 45@2x.png in Resources */ = {isa = PBXBuildFile; fileRef = 2C2D090A1BAF7088006205F1 /* 45@2x.png */; settings = {ASSET_TAGS = (); }; };
		2C2D09411BAF7088006205F1 /* 46@2x.png in Resources */ = {isa = PBXBuildFile; fileRef = 2C2D090B1BAF7088006205F1 /* 46@2x.png */; settings = {ASSET_TAGS = (); }; };
		2C2D09421BAF7088006205F1 /* 47@2x.png in Resources */ = {isa = PBXBuildFile; fileRef = 2C2D090C1BAF7088006205F1 /* 47@2x.png */; settings = {ASSET_TAGS = (); }; };
		2C2D09431BAF7088006205F1 /* 48@2x.png in Resources */ = {isa = PBXBuildFile; fileRef = 2C2D090D1BAF7088006205F1 /* 48@2x.png */; settings = {ASSET_TAGS = (); }; };
		2C2D09441BAF7088006205F1 /* 49@2x.png in Resources */ = {isa = PBXBuildFile; fileRef = 2C2D090E1BAF7088006205F1 /* 49@2x.png */; settings = {ASSET_TAGS = (); }; };
		2C2D09451BAF7088006205F1 /* 50@2x.png in Resources */ = {isa = PBXBuildFile; fileRef = 2C2D090F1BAF7088006205F1 /* 50@2x.png */; settings = {ASSET_TAGS = (); }; };
		2C2D09461BAF7088006205F1 /* 51@2x.png in Resources */ = {isa = PBXBuildFile; fileRef = 2C2D09101BAF7088006205F1 /* 51@2x.png */; settings = {ASSET_TAGS = (); }; };
		2C2D09471BAF7088006205F1 /* 52@2x.png in Resources */ = {isa = PBXBuildFile; fileRef = 2C2D09111BAF7088006205F1 /* 52@2x.png */; settings = {ASSET_TAGS = (); }; };
		2C2D09481BAF7088006205F1 /* 53@2x.png in Resources */ = {isa = PBXBuildFile; fileRef = 2C2D09121BAF7088006205F1 /* 53@2x.png */; settings = {ASSET_TAGS = (); }; };
		2C2D09491BAF7088006205F1 /* 54@2x.png in Resources */ = {isa = PBXBuildFile; fileRef = 2C2D09131BAF7088006205F1 /* 54@2x.png */; settings = {ASSET_TAGS = (); }; };
		2CC112ED1BACC0BF00BD3D7F /* AppDelegate.swift in Sources */ = {isa = PBXBuildFile; fileRef = 2CC112EC1BACC0BF00BD3D7F /* AppDelegate.swift */; };
		2CC112EF1BACC0BF00BD3D7F /* ViewController.swift in Sources */ = {isa = PBXBuildFile; fileRef = 2CC112EE1BACC0BF00BD3D7F /* ViewController.swift */; };
		2CC112F21BACC0BF00BD3D7F /* Main.storyboard in Resources */ = {isa = PBXBuildFile; fileRef = 2CC112F01BACC0BF00BD3D7F /* Main.storyboard */; };
		2CC112F41BACC0BF00BD3D7F /* Images.xcassets in Resources */ = {isa = PBXBuildFile; fileRef = 2CC112F31BACC0BF00BD3D7F /* Images.xcassets */; };
		2CC112F71BACC0BF00BD3D7F /* LaunchScreen.xib in Resources */ = {isa = PBXBuildFile; fileRef = 2CC112F51BACC0BF00BD3D7F /* LaunchScreen.xib */; };
		2CC113031BACC0BF00BD3D7F /* Card_TableTests.swift in Sources */ = {isa = PBXBuildFile; fileRef = 2CC113021BACC0BF00BD3D7F /* Card_TableTests.swift */; };
		2CC1130D1BACC0ED00BD3D7F /* BoardView.swift in Sources */ = {isa = PBXBuildFile; fileRef = 2CC1130C1BACC0ED00BD3D7F /* BoardView.swift */; };
		2CC1130F1BACC0FD00BD3D7F /* BorderView.swift in Sources */ = {isa = PBXBuildFile; fileRef = 2CC1130E1BACC0FD00BD3D7F /* BorderView.swift */; };
		2CC113111BACC10400BD3D7F /* Card.swift in Sources */ = {isa = PBXBuildFile; fileRef = 2CC113101BACC10400BD3D7F /* Card.swift */; };
		2CC113131BACC10A00BD3D7F /* Deck.swift in Sources */ = {isa = PBXBuildFile; fileRef = 2CC113121BACC10A00BD3D7F /* Deck.swift */; };
		2CC113151BACC10F00BD3D7F /* DropDownOptionMenu.swift in Sources */ = {isa = PBXBuildFile; fileRef = 2CC113141BACC10F00BD3D7F /* DropDownOptionMenu.swift */; };
		2CC113861BACC12D00BD3D7F /* backv_dark@2x.png in Resources */ = {isa = PBXBuildFile; fileRef = 2CC1134C1BACC12D00BD3D7F /* backv_dark@2x.png */; };
		2CC113871BACC12D00BD3D7F /* backv@2x.png in Resources */ = {isa = PBXBuildFile; fileRef = 2CC1134D1BACC12D00BD3D7F /* backv@2x.png */; };
		2CC113881BACC12D00BD3D7F /* crossword.png in Resources */ = {isa = PBXBuildFile; fileRef = 2CC1134E1BACC12D00BD3D7F /* crossword.png */; };
		2CC113891BACC12D00BD3D7F /* feltbackground.png in Resources */ = {isa = PBXBuildFile; fileRef = 2CC1134F1BACC12D00BD3D7F /* feltbackground.png */; };
/* End PBXBuildFile section */

/* Begin PBXContainerItemProxy section */
		2CC112FD1BACC0BF00BD3D7F /* PBXContainerItemProxy */ = {
			isa = PBXContainerItemProxy;
			containerPortal = 2CC112DF1BACC0BF00BD3D7F /* Project object */;
			proxyType = 1;
			remoteGlobalIDString = 2CC112E61BACC0BF00BD3D7F;
			remoteInfo = "Card Table";
		};
/* End PBXContainerItemProxy section */

/* Begin PBXFileReference section */
		2C2D08D81BAF3046006205F1 /* DropDownOptionMenu.xib */ = {isa = PBXFileReference; fileEncoding = 4; lastKnownFileType = file.xib; path = DropDownOptionMenu.xib; sourceTree = "<group>"; };
		2C2D08DA1BAF59CE006205F1 /* backv_deck_dark@2x.png */ = {isa = PBXFileReference; lastKnownFileType = image.png; path = "backv_deck_dark@2x.png"; sourceTree = "<group>"; };
		2C2D08DB1BAF59CE006205F1 /* backv_deck@2x.png */ = {isa = PBXFileReference; lastKnownFileType = image.png; path = "backv_deck@2x.png"; sourceTree = "<group>"; };
		2C2D08DE1BAF7088006205F1 /* 1@2x.png */ = {isa = PBXFileReference; lastKnownFileType = image.png; path = "1@2x.png"; sourceTree = "<group>"; };
		2C2D08DF1BAF7088006205F1 /* 2@2x.png */ = {isa = PBXFileReference; lastKnownFileType = image.png; path = "2@2x.png"; sourceTree = "<group>"; };
		2C2D08E01BAF7088006205F1 /* 3@2x.png */ = {isa = PBXFileReference; lastKnownFileType = image.png; path = "3@2x.png"; sourceTree = "<group>"; };
		2C2D08E11BAF7088006205F1 /* 4@2x.png */ = {isa = PBXFileReference; lastKnownFileType = image.png; path = "4@2x.png"; sourceTree = "<group>"; };
		2C2D08E21BAF7088006205F1 /* 5@2x.png */ = {isa = PBXFileReference; lastKnownFileType = image.png; path = "5@2x.png"; sourceTree = "<group>"; };
		2C2D08E31BAF7088006205F1 /* 6@2x.png */ = {isa = PBXFileReference; lastKnownFileType = image.png; path = "6@2x.png"; sourceTree = "<group>"; };
		2C2D08E41BAF7088006205F1 /* 7@2x.png */ = {isa = PBXFileReference; lastKnownFileType = image.png; path = "7@2x.png"; sourceTree = "<group>"; };
		2C2D08E51BAF7088006205F1 /* 8@2x.png */ = {isa = PBXFileReference; lastKnownFileType = image.png; path = "8@2x.png"; sourceTree = "<group>"; };
		2C2D08E61BAF7088006205F1 /* 9@2x.png */ = {isa = PBXFileReference; lastKnownFileType = image.png; path = "9@2x.png"; sourceTree = "<group>"; };
		2C2D08E71BAF7088006205F1 /* 10@2x.png */ = {isa = PBXFileReference; lastKnownFileType = image.png; path = "10@2x.png"; sourceTree = "<group>"; };
		2C2D08E81BAF7088006205F1 /* 11@2x.png */ = {isa = PBXFileReference; lastKnownFileType = image.png; path = "11@2x.png"; sourceTree = "<group>"; };
		2C2D08E91BAF7088006205F1 /* 12@2x.png */ = {isa = PBXFileReference; lastKnownFileType = image.png; path = "12@2x.png"; sourceTree = "<group>"; };
		2C2D08EA1BAF7088006205F1 /* 13@2x.png */ = {isa = PBXFileReference; lastKnownFileType = image.png; path = "13@2x.png"; sourceTree = "<group>"; };
		2C2D08EB1BAF7088006205F1 /* 14@2x.png */ = {isa = PBXFileReference; lastKnownFileType = image.png; path = "14@2x.png"; sourceTree = "<group>"; };
		2C2D08EC1BAF7088006205F1 /* 15@2x.png */ = {isa = PBXFileReference; lastKnownFileType = image.png; path = "15@2x.png"; sourceTree = "<group>"; };
		2C2D08ED1BAF7088006205F1 /* 16@2x.png */ = {isa = PBXFileReference; lastKnownFileType = image.png; path = "16@2x.png"; sourceTree = "<group>"; };
		2C2D08EE1BAF7088006205F1 /* 17@2x.png */ = {isa = PBXFileReference; lastKnownFileType = image.png; path = "17@2x.png"; sourceTree = "<group>"; };
		2C2D08EF1BAF7088006205F1 /* 18@2x.png */ = {isa = PBXFileReference; lastKnownFileType = image.png; path = "18@2x.png"; sourceTree = "<group>"; };
		2C2D08F01BAF7088006205F1 /* 19@2x.png */ = {isa = PBXFileReference; lastKnownFileType = image.png; path = "19@2x.png"; sourceTree = "<group>"; };
		2C2D08F11BAF7088006205F1 /* 20@2x.png */ = {isa = PBXFileReference; lastKnownFileType = image.png; path = "20@2x.png"; sourceTree = "<group>"; };
		2C2D08F21BAF7088006205F1 /* 21@2x.png */ = {isa = PBXFileReference; lastKnownFileType = image.png; path = "21@2x.png"; sourceTree = "<group>"; };
		2C2D08F31BAF7088006205F1 /* 22@2x.png */ = {isa = PBXFileReference; lastKnownFileType = image.png; path = "22@2x.png"; sourceTree = "<group>"; };
		2C2D08F41BAF7088006205F1 /* 23@2x.png */ = {isa = PBXFileReference; lastKnownFileType = image.png; path = "23@2x.png"; sourceTree = "<group>"; };
		2C2D08F51BAF7088006205F1 /* 24@2x.png */ = {isa = PBXFileReference; lastKnownFileType = image.png; path = "24@2x.png"; sourceTree = "<group>"; };
		2C2D08F61BAF7088006205F1 /* 25@2x.png */ = {isa = PBXFileReference; lastKnownFileType = image.png; path = "25@2x.png"; sourceTree = "<group>"; };
		2C2D08F71BAF7088006205F1 /* 26@2x.png */ = {isa = PBXFileReference; lastKnownFileType = image.png; path = "26@2x.png"; sourceTree = "<group>"; };
		2C2D08F81BAF7088006205F1 /* 27@2x.png */ = {isa = PBXFileReference; lastKnownFileType = image.png; path = "27@2x.png"; sourceTree = "<group>"; };
		2C2D08F91BAF7088006205F1 /* 28@2x.png */ = {isa = PBXFileReference; lastKnownFileType = image.png; path = "28@2x.png"; sourceTree = "<group>"; };
		2C2D08FA1BAF7088006205F1 /* 29@2x.png */ = {isa = PBXFileReference; lastKnownFileType = image.png; path = "29@2x.png"; sourceTree = "<group>"; };
		2C2D08FB1BAF7088006205F1 /* 30@2x.png */ = {isa = PBXFileReference; lastKnownFileType = image.png; path = "30@2x.png"; sourceTree = "<group>"; };
		2C2D08FC1BAF7088006205F1 /* 31@2x.png */ = {isa = PBXFileReference; lastKnownFileType = image.png; path = "31@2x.png"; sourceTree = "<group>"; };
		2C2D08FD1BAF7088006205F1 /* 32@2x.png */ = {isa = PBXFileReference; lastKnownFileType = image.png; path = "32@2x.png"; sourceTree = "<group>"; };
		2C2D08FE1BAF7088006205F1 /* 33@2x.png */ = {isa = PBXFileReference; lastKnownFileType = image.png; path = "33@2x.png"; sourceTree = "<group>"; };
		2C2D08FF1BAF7088006205F1 /* 34@2x.png */ = {isa = PBXFileReference; lastKnownFileType = image.png; path = "34@2x.png"; sourceTree = "<group>"; };
		2C2D09001BAF7088006205F1 /* 35@2x.png */ = {isa = PBXFileReference; lastKnownFileType = image.png; path = "35@2x.png"; sourceTree = "<group>"; };
		2C2D09011BAF7088006205F1 /* 36@2x.png */ = {isa = PBXFileReference; lastKnownFileType = image.png; path = "36@2x.png"; sourceTree = "<group>"; };
		2C2D09021BAF7088006205F1 /* 37@2x.png */ = {isa = PBXFileReference; lastKnownFileType = image.png; path = "37@2x.png"; sourceTree = "<group>"; };
		2C2D09031BAF7088006205F1 /* 38@2x.png */ = {isa = PBXFileReference; lastKnownFileType = image.png; path = "38@2x.png"; sourceTree = "<group>"; };
		2C2D09041BAF7088006205F1 /* 39@2x.png */ = {isa = PBXFileReference; lastKnownFileType = image.png; path = "39@2x.png"; sourceTree = "<group>"; };
		2C2D09051BAF7088006205F1 /* 40@2x.png */ = {isa = PBXFileReference; lastKnownFileType = image.png; path = "40@2x.png"; sourceTree = "<group>"; };
		2C2D09061BAF7088006205F1 /* 41@2x.png */ = {isa = PBXFileReference; lastKnownFileType = image.png; path = "41@2x.png"; sourceTree = "<group>"; };
		2C2D09071BAF7088006205F1 /* 42@2x.png */ = {isa = PBXFileReference; lastKnownFileType = image.png; path = "42@2x.png"; sourceTree = "<group>"; };
		2C2D09081BAF7088006205F1 /* 43@2x.png */ = {isa = PBXFileReference; lastKnownFileType = image.png; path = "43@2x.png"; sourceTree = "<group>"; };
		2C2D09091BAF7088006205F1 /* 44@2x.png */ = {isa = PBXFileReference; lastKnownFileType = image.png; path = "44@2x.png"; sourceTree = "<group>"; };
		2C2D090A1BAF7088006205F1 /* 45@2x.png */ = {isa = PBXFileReference; lastKnownFileType = image.png; path = "45@2x.png"; sourceTree = "<group>"; };
		2C2D090B1BAF7088006205F1 /* 46@2x.png */ = {isa = PBXFileReference; lastKnownFileType = image.png; path = "46@2x.png"; sourceTree = "<group>"; };
		2C2D090C1BAF7088006205F1 /* 47@2x.png */ = {isa = PBXFileReference; lastKnownFileType = image.png; path = "47@2x.png"; sourceTree = "<group>"; };
		2C2D090D1BAF7088006205F1 /* 48@2x.png */ = {isa = PBXFileReference; lastKnownFileType = image.png; path = "48@2x.png"; sourceTree = "<group>"; };
		2C2D090E1BAF7088006205F1 /* 49@2x.png */ = {isa = PBXFileReference; lastKnownFileType = image.png; path = "49@2x.png"; sourceTree = "<group>"; };
		2C2D090F1BAF7088006205F1 /* 50@2x.png */ = {isa = PBXFileReference; lastKnownFileType = image.png; path = "50@2x.png"; sourceTree = "<group>"; };
		2C2D09101BAF7088006205F1 /* 51@2x.png */ = {isa = PBXFileReference; lastKnownFileType = image.png; path = "51@2x.png"; sourceTree = "<group>"; };
		2C2D09111BAF7088006205F1 /* 52@2x.png */ = {isa = PBXFileReference; lastKnownFileType = image.png; path = "52@2x.png"; sourceTree = "<group>"; };
		2C2D09121BAF7088006205F1 /* 53@2x.png */ = {isa = PBXFileReference; lastKnownFileType = image.png; path = "53@2x.png"; sourceTree = "<group>"; };
		2C2D09131BAF7088006205F1 /* 54@2x.png */ = {isa = PBXFileReference; lastKnownFileType = image.png; path = "54@2x.png"; sourceTree = "<group>"; };
		2CC112E71BACC0BF00BD3D7F /* Card Table.app */ = {isa = PBXFileReference; explicitFileType = wrapper.application; includeInIndex = 0; path = "Card Table.app"; sourceTree = BUILT_PRODUCTS_DIR; };
		2CC112EB1BACC0BF00BD3D7F /* Info.plist */ = {isa = PBXFileReference; lastKnownFileType = text.plist.xml; path = Info.plist; sourceTree = "<group>"; };
		2CC112EC1BACC0BF00BD3D7F /* AppDelegate.swift */ = {isa = PBXFileReference; lastKnownFileType = sourcecode.swift; path = AppDelegate.swift; sourceTree = "<group>"; };
		2CC112EE1BACC0BF00BD3D7F /* ViewController.swift */ = {isa = PBXFileReference; lastKnownFileType = sourcecode.swift; path = ViewController.swift; sourceTree = "<group>"; };
		2CC112F11BACC0BF00BD3D7F /* Base */ = {isa = PBXFileReference; lastKnownFileType = file.storyboard; name = Base; path = Base.lproj/Main.storyboard; sourceTree = "<group>"; };
		2CC112F31BACC0BF00BD3D7F /* Images.xcassets */ = {isa = PBXFileReference; lastKnownFileType = folder.assetcatalog; path = Images.xcassets; sourceTree = "<group>"; };
		2CC112F61BACC0BF00BD3D7F /* Base */ = {isa = PBXFileReference; lastKnownFileType = file.xib; name = Base; path = Base.lproj/LaunchScreen.xib; sourceTree = "<group>"; };
		2CC112FC1BACC0BF00BD3D7F /* Card TableTests.xctest */ = {isa = PBXFileReference; explicitFileType = wrapper.cfbundle; includeInIndex = 0; path = "Card TableTests.xctest"; sourceTree = BUILT_PRODUCTS_DIR; };
		2CC113011BACC0BF00BD3D7F /* Info.plist */ = {isa = PBXFileReference; lastKnownFileType = text.plist.xml; path = Info.plist; sourceTree = "<group>"; };
		2CC113021BACC0BF00BD3D7F /* Card_TableTests.swift */ = {isa = PBXFileReference; lastKnownFileType = sourcecode.swift; path = Card_TableTests.swift; sourceTree = "<group>"; };
		2CC1130C1BACC0ED00BD3D7F /* BoardView.swift */ = {isa = PBXFileReference; fileEncoding = 4; lastKnownFileType = sourcecode.swift; path = BoardView.swift; sourceTree = "<group>"; };
		2CC1130E1BACC0FD00BD3D7F /* BorderView.swift */ = {isa = PBXFileReference; fileEncoding = 4; lastKnownFileType = sourcecode.swift; path = BorderView.swift; sourceTree = "<group>"; };
		2CC113101BACC10400BD3D7F /* Card.swift */ = {isa = PBXFileReference; fileEncoding = 4; lastKnownFileType = sourcecode.swift; path = Card.swift; sourceTree = "<group>"; };
		2CC113121BACC10A00BD3D7F /* Deck.swift */ = {isa = PBXFileReference; fileEncoding = 4; lastKnownFileType = sourcecode.swift; path = Deck.swift; sourceTree = "<group>"; };
		2CC113141BACC10F00BD3D7F /* DropDownOptionMenu.swift */ = {isa = PBXFileReference; fileEncoding = 4; lastKnownFileType = sourcecode.swift; path = DropDownOptionMenu.swift; sourceTree = "<group>"; };
		2CC1134C1BACC12D00BD3D7F /* backv_dark@2x.png */ = {isa = PBXFileReference; lastKnownFileType = image.png; path = "backv_dark@2x.png"; sourceTree = "<group>"; };
		2CC1134D1BACC12D00BD3D7F /* backv@2x.png */ = {isa = PBXFileReference; lastKnownFileType = image.png; path = "backv@2x.png"; sourceTree = "<group>"; };
		2CC1134E1BACC12D00BD3D7F /* crossword.png */ = {isa = PBXFileReference; lastKnownFileType = image.png; path = crossword.png; sourceTree = "<group>"; };
		2CC1134F1BACC12D00BD3D7F /* feltbackground.png */ = {isa = PBXFileReference; lastKnownFileType = image.png; path = feltbackground.png; sourceTree = "<group>"; };
/* End PBXFileReference section */

/* Begin PBXFrameworksBuildPhase section */
		2CC112E41BACC0BF00BD3D7F /* Frameworks */ = {
			isa = PBXFrameworksBuildPhase;
			buildActionMask = 2147483647;
			files = (
			);
			runOnlyForDeploymentPostprocessing = 0;
		};
		2CC112F91BACC0BF00BD3D7F /* Frameworks */ = {
			isa = PBXFrameworksBuildPhase;
			buildActionMask = 2147483647;
			files = (
			);
			runOnlyForDeploymentPostprocessing = 0;
		};
/* End PBXFrameworksBuildPhase section */

/* Begin PBXGroup section */
		2CC112DE1BACC0BF00BD3D7F = {
			isa = PBXGroup;
			children = (
				2CC112E91BACC0BF00BD3D7F /* Card Table */,
				2CC112FF1BACC0BF00BD3D7F /* Card TableTests */,
				2CC112E81BACC0BF00BD3D7F /* Products */,
			);
			sourceTree = "<group>";
		};
		2CC112E81BACC0BF00BD3D7F /* Products */ = {
			isa = PBXGroup;
			children = (
				2CC112E71BACC0BF00BD3D7F /* Card Table.app */,
				2CC112FC1BACC0BF00BD3D7F /* Card TableTests.xctest */,
			);
			name = Products;
			sourceTree = "<group>";
		};
		2CC112E91BACC0BF00BD3D7F /* Card Table */ = {
			isa = PBXGroup;
			children = (
				2CC112EC1BACC0BF00BD3D7F /* AppDelegate.swift */,
				2CC112EE1BACC0BF00BD3D7F /* ViewController.swift */,
				2CC1130C1BACC0ED00BD3D7F /* BoardView.swift */,
				2CC1130E1BACC0FD00BD3D7F /* BorderView.swift */,
				2CC113101BACC10400BD3D7F /* Card.swift */,
				2CC113121BACC10A00BD3D7F /* Deck.swift */,
				2CC113141BACC10F00BD3D7F /* DropDownOptionMenu.swift */,
				2C2D08D81BAF3046006205F1 /* DropDownOptionMenu.xib */,
				2CC112F01BACC0BF00BD3D7F /* Main.storyboard */,
				2CC112F31BACC0BF00BD3D7F /* Images.xcassets */,
				2CC112F51BACC0BF00BD3D7F /* LaunchScreen.xib */,
				2CC112EA1BACC0BF00BD3D7F /* Supporting Files */,
			);
			path = "Card Table";
			sourceTree = "<group>";
		};
		2CC112EA1BACC0BF00BD3D7F /* Supporting Files */ = {
			isa = PBXGroup;
			children = (
				2C2D08DE1BAF7088006205F1 /* 1@2x.png */,
				2C2D08DF1BAF7088006205F1 /* 2@2x.png */,
				2C2D08E01BAF7088006205F1 /* 3@2x.png */,
				2C2D08E11BAF7088006205F1 /* 4@2x.png */,
				2C2D08E21BAF7088006205F1 /* 5@2x.png */,
				2C2D08E31BAF7088006205F1 /* 6@2x.png */,
				2C2D08E41BAF7088006205F1 /* 7@2x.png */,
				2C2D08E51BAF7088006205F1 /* 8@2x.png */,
				2C2D08E61BAF7088006205F1 /* 9@2x.png */,
				2C2D08E71BAF7088006205F1 /* 10@2x.png */,
				2C2D08E81BAF7088006205F1 /* 11@2x.png */,
				2C2D08E91BAF7088006205F1 /* 12@2x.png */,
				2C2D08EA1BAF7088006205F1 /* 13@2x.png */,
				2C2D08EB1BAF7088006205F1 /* 14@2x.png */,
				2C2D08EC1BAF7088006205F1 /* 15@2x.png */,
				2C2D08ED1BAF7088006205F1 /* 16@2x.png */,
				2C2D08EE1BAF7088006205F1 /* 17@2x.png */,
				2C2D08EF1BAF7088006205F1 /* 18@2x.png */,
				2C2D08F01BAF7088006205F1 /* 19@2x.png */,
				2C2D08F11BAF7088006205F1 /* 20@2x.png */,
				2C2D08F21BAF7088006205F1 /* 21@2x.png */,
				2C2D08F31BAF7088006205F1 /* 22@2x.png */,
				2C2D08F41BAF7088006205F1 /* 23@2x.png */,
				2C2D08F51BAF7088006205F1 /* 24@2x.png */,
				2C2D08F61BAF7088006205F1 /* 25@2x.png */,
				2C2D08F71BAF7088006205F1 /* 26@2x.png */,
				2C2D08F81BAF7088006205F1 /* 27@2x.png */,
				2C2D08F91BAF7088006205F1 /* 28@2x.png */,
				2C2D08FA1BAF7088006205F1 /* 29@2x.png */,
				2C2D08FB1BAF7088006205F1 /* 30@2x.png */,
				2C2D08FC1BAF7088006205F1 /* 31@2x.png */,
				2C2D08FD1BAF7088006205F1 /* 32@2x.png */,
				2C2D08FE1BAF7088006205F1 /* 33@2x.png */,
				2C2D08FF1BAF7088006205F1 /* 34@2x.png */,
				2C2D09001BAF7088006205F1 /* 35@2x.png */,
				2C2D09011BAF7088006205F1 /* 36@2x.png */,
				2C2D09021BAF7088006205F1 /* 37@2x.png */,
				2C2D09031BAF7088006205F1 /* 38@2x.png */,
				2C2D09041BAF7088006205F1 /* 39@2x.png */,
				2C2D09051BAF7088006205F1 /* 40@2x.png */,
				2C2D09061BAF7088006205F1 /* 41@2x.png */,
				2C2D09071BAF7088006205F1 /* 42@2x.png */,
				2C2D09081BAF7088006205F1 /* 43@2x.png */,
				2C2D09091BAF7088006205F1 /* 44@2x.png */,
				2C2D090A1BAF7088006205F1 /* 45@2x.png */,
				2C2D090B1BAF7088006205F1 /* 46@2x.png */,
				2C2D090C1BAF7088006205F1 /* 47@2x.png */,
				2C2D090D1BAF7088006205F1 /* 48@2x.png */,
				2C2D090E1BAF7088006205F1 /* 49@2x.png */,
				2C2D090F1BAF7088006205F1 /* 50@2x.png */,
				2C2D09101BAF7088006205F1 /* 51@2x.png */,
				2C2D09111BAF7088006205F1 /* 52@2x.png */,
				2C2D09121BAF7088006205F1 /* 53@2x.png */,
				2C2D09131BAF7088006205F1 /* 54@2x.png */,
				2CC1134C1BACC12D00BD3D7F /* backv_dark@2x.png */,
				2CC1134D1BACC12D00BD3D7F /* backv@2x.png */,
				2C2D08DA1BAF59CE006205F1 /* backv_deck_dark@2x.png */,
				2C2D08DB1BAF59CE006205F1 /* backv_deck@2x.png */,
				2CC1134E1BACC12D00BD3D7F /* crossword.png */,
				2CC1134F1BACC12D00BD3D7F /* feltbackground.png */,
				2CC112EB1BACC0BF00BD3D7F /* Info.plist */,
			);
			name = "Supporting Files";
			sourceTree = "<group>";
		};
		2CC112FF1BACC0BF00BD3D7F /* Card TableTests */ = {
			isa = PBXGroup;
			children = (
				2CC113021BACC0BF00BD3D7F /* Card_TableTests.swift */,
				2CC113001BACC0BF00BD3D7F /* Supporting Files */,
			);
			path = "Card TableTests";
			sourceTree = "<group>";
		};
		2CC113001BACC0BF00BD3D7F /* Supporting Files */ = {
			isa = PBXGroup;
			children = (
				2CC113011BACC0BF00BD3D7F /* Info.plist */,
			);
			name = "Supporting Files";
			sourceTree = "<group>";
		};
/* End PBXGroup section */

/* Begin PBXNativeTarget section */
		2CC112E61BACC0BF00BD3D7F /* Card Table */ = {
			isa = PBXNativeTarget;
			buildConfigurationList = 2CC113061BACC0BF00BD3D7F /* Build configuration list for PBXNativeTarget "Card Table" */;
			buildPhases = (
				2CC112E31BACC0BF00BD3D7F /* Sources */,
				2CC112E41BACC0BF00BD3D7F /* Frameworks */,
				2CC112E51BACC0BF00BD3D7F /* Resources */,
			);
			buildRules = (
			);
			dependencies = (
			);
			name = "Card Table";
			productName = "Card Table";
			productReference = 2CC112E71BACC0BF00BD3D7F /* Card Table.app */;
			productType = "com.apple.product-type.application";
		};
		2CC112FB1BACC0BF00BD3D7F /* Card TableTests */ = {
			isa = PBXNativeTarget;
			buildConfigurationList = 2CC113091BACC0BF00BD3D7F /* Build configuration list for PBXNativeTarget "Card TableTests" */;
			buildPhases = (
				2CC112F81BACC0BF00BD3D7F /* Sources */,
				2CC112F91BACC0BF00BD3D7F /* Frameworks */,
				2CC112FA1BACC0BF00BD3D7F /* Resources */,
			);
			buildRules = (
			);
			dependencies = (
				2CC112FE1BACC0BF00BD3D7F /* PBXTargetDependency */,
			);
			name = "Card TableTests";
			productName = "Card TableTests";
			productReference = 2CC112FC1BACC0BF00BD3D7F /* Card TableTests.xctest */;
			productType = "com.apple.product-type.bundle.unit-test";
		};
/* End PBXNativeTarget section */

/* Begin PBXProject section */
		2CC112DF1BACC0BF00BD3D7F /* Project object */ = {
			isa = PBXProject;
			attributes = {
				LastSwiftMigration = 0700;
				LastSwiftUpdateCheck = 0700;
				LastUpgradeCheck = 0700;
				ORGANIZATIONNAME = "Ethan Hardy";
				TargetAttributes = {
					2CC112E61BACC0BF00BD3D7F = {
						CreatedOnToolsVersion = 6.4;
					};
					2CC112FB1BACC0BF00BD3D7F = {
						CreatedOnToolsVersion = 6.4;
						TestTargetID = 2CC112E61BACC0BF00BD3D7F;
					};
				};
			};
			buildConfigurationList = 2CC112E21BACC0BF00BD3D7F /* Build configuration list for PBXProject "Card Table" */;
			compatibilityVersion = "Xcode 3.2";
			developmentRegion = English;
			hasScannedForEncodings = 0;
			knownRegions = (
				en,
				Base,
			);
			mainGroup = 2CC112DE1BACC0BF00BD3D7F;
			productRefGroup = 2CC112E81BACC0BF00BD3D7F /* Products */;
			projectDirPath = "";
			projectRoot = "";
			targets = (
				2CC112E61BACC0BF00BD3D7F /* Card Table */,
				2CC112FB1BACC0BF00BD3D7F /* Card TableTests */,
			);
		};
/* End PBXProject section */

/* Begin PBXResourcesBuildPhase section */
		2CC112E51BACC0BF00BD3D7F /* Resources */ = {
			isa = PBXResourcesBuildPhase;
			buildActionMask = 2147483647;
			files = (
				2C2D09411BAF7088006205F1 /* 46@2x.png in Resources */,
				2C2D09141BAF7088006205F1 /* 1@2x.png in Resources */,
				2C2D093A1BAF7088006205F1 /* 39@2x.png in Resources */,
				2C2D093B1BAF7088006205F1 /* 40@2x.png in Resources */,
				2C2D09301BAF7088006205F1 /* 29@2x.png in Resources */,
				2C2D09171BAF7088006205F1 /* 4@2x.png in Resources */,
				2C2D092F1BAF7088006205F1 /* 28@2x.png in Resources */,
				2C2D09281BAF7088006205F1 /* 21@2x.png in Resources */,
				2C2D09161BAF7088006205F1 /* 3@2x.png in Resources */,
				2C2D09251BAF7088006205F1 /* 18@2x.png in Resources */,
				2C2D093C1BAF7088006205F1 /* 41@2x.png in Resources */,
				2C2D093E1BAF7088006205F1 /* 43@2x.png in Resources */,
				2C2D09431BAF7088006205F1 /* 48@2x.png in Resources */,
				2C2D09211BAF7088006205F1 /* 14@2x.png in Resources */,
				2C2D091A1BAF7088006205F1 /* 7@2x.png in Resources */,
				2C2D09491BAF7088006205F1 /* 54@2x.png in Resources */,
				2C2D08D91BAF3046006205F1 /* DropDownOptionMenu.xib in Resources */,
				2C2D09421BAF7088006205F1 /* 47@2x.png in Resources */,
				2CC112F21BACC0BF00BD3D7F /* Main.storyboard in Resources */,
				2C2D09201BAF7088006205F1 /* 13@2x.png in Resources */,
				2C2D09451BAF7088006205F1 /* 50@2x.png in Resources */,
				2C2D092A1BAF7088006205F1 /* 23@2x.png in Resources */,
				2C2D09291BAF7088006205F1 /* 22@2x.png in Resources */,
				2C2D09151BAF7088006205F1 /* 2@2x.png in Resources */,
				2C2D091F1BAF7088006205F1 /* 12@2x.png in Resources */,
				2C2D091D1BAF7088006205F1 /* 10@2x.png in Resources */,
				2C2D09391BAF7088006205F1 /* 38@2x.png in Resources */,
				2C2D09371BAF7088006205F1 /* 36@2x.png in Resources */,
				2CC113861BACC12D00BD3D7F /* backv_dark@2x.png in Resources */,
				2CC113871BACC12D00BD3D7F /* backv@2x.png in Resources */,
				2C2D09441BAF7088006205F1 /* 49@2x.png in Resources */,
				2C2D091B1BAF7088006205F1 /* 8@2x.png in Resources */,
				2C2D09361BAF7088006205F1 /* 35@2x.png in Resources */,
				2C2D091C1BAF7088006205F1 /* 9@2x.png in Resources */,
				2C2D09241BAF7088006205F1 /* 17@2x.png in Resources */,
				2C2D09481BAF7088006205F1 /* 53@2x.png in Resources */,
				2C2D09461BAF7088006205F1 /* 51@2x.png in Resources */,
				2CC113881BACC12D00BD3D7F /* crossword.png in Resources */,
				2C2D09221BAF7088006205F1 /* 15@2x.png in Resources */,
				2C2D09341BAF7088006205F1 /* 33@2x.png in Resources */,
				2C2D092D1BAF7088006205F1 /* 26@2x.png in Resources */,
				2C2D09321BAF7088006205F1 /* 31@2x.png in Resources */,
				2C2D09311BAF7088006205F1 /* 30@2x.png in Resources */,
				2C2D092B1BAF7088006205F1 /* 24@2x.png in Resources */,
				2C2D093F1BAF7088006205F1 /* 44@2x.png in Resources */,
				2C2D09401BAF7088006205F1 /* 45@2x.png in Resources */,
				2C2D09351BAF7088006205F1 /* 34@2x.png in Resources */,
				2C2D092C1BAF7088006205F1 /* 25@2x.png in Resources */,
				2C2D09331BAF7088006205F1 /* 32@2x.png in Resources */,
				2C2D09471BAF7088006205F1 /* 52@2x.png in Resources */,
				2C2D092E1BAF7088006205F1 /* 27@2x.png in Resources */,
				2C2D08DC1BAF59CE006205F1 /* backv_deck_dark@2x.png in Resources */,
				2C2D08DD1BAF59CE006205F1 /* backv_deck@2x.png in Resources */,
				2C2D09191BAF7088006205F1 /* 6@2x.png in Resources */,
				2CC112F71BACC0BF00BD3D7F /* LaunchScreen.xib in Resources */,
				2C2D09181BAF7088006205F1 /* 5@2x.png in Resources */,
				2C2D093D1BAF7088006205F1 /* 42@2x.png in Resources */,
				2CC113891BACC12D00BD3D7F /* feltbackground.png in Resources */,
				2C2D091E1BAF7088006205F1 /* 11@2x.png in Resources */,
				2CC112F41BACC0BF00BD3D7F /* Images.xcassets in Resources */,
				2C2D09381BAF7088006205F1 /* 37@2x.png in Resources */,
				2C2D09261BAF7088006205F1 /* 19@2x.png in Resources */,
				2C2D09271BAF7088006205F1 /* 20@2x.png in Resources */,
				2C2D09231BAF7088006205F1 /* 16@2x.png in Resources */,
			);
			runOnlyForDeploymentPostprocessing = 0;
		};
		2CC112FA1BACC0BF00BD3D7F /* Resources */ = {
			isa = PBXResourcesBuildPhase;
			buildActionMask = 2147483647;
			files = (
			);
			runOnlyForDeploymentPostprocessing = 0;
		};
/* End PBXResourcesBuildPhase section */

/* Begin PBXSourcesBuildPhase section */
		2CC112E31BACC0BF00BD3D7F /* Sources */ = {
			isa = PBXSourcesBuildPhase;
			buildActionMask = 2147483647;
			files = (
				2CC113131BACC10A00BD3D7F /* Deck.swift in Sources */,
				2CC113151BACC10F00BD3D7F /* DropDownOptionMenu.swift in Sources */,
				2CC1130F1BACC0FD00BD3D7F /* BorderView.swift in Sources */,
				2CC1130D1BACC0ED00BD3D7F /* BoardView.swift in Sources */,
				2CC113111BACC10400BD3D7F /* Card.swift in Sources */,
				2CC112EF1BACC0BF00BD3D7F /* ViewController.swift in Sources */,
				2CC112ED1BACC0BF00BD3D7F /* AppDelegate.swift in Sources */,
			);
			runOnlyForDeploymentPostprocessing = 0;
		};
		2CC112F81BACC0BF00BD3D7F /* Sources */ = {
			isa = PBXSourcesBuildPhase;
			buildActionMask = 2147483647;
			files = (
				2CC113031BACC0BF00BD3D7F /* Card_TableTests.swift in Sources */,
			);
			runOnlyForDeploymentPostprocessing = 0;
		};
/* End PBXSourcesBuildPhase section */

/* Begin PBXTargetDependency section */
		2CC112FE1BACC0BF00BD3D7F /* PBXTargetDependency */ = {
			isa = PBXTargetDependency;
			target = 2CC112E61BACC0BF00BD3D7F /* Card Table */;
			targetProxy = 2CC112FD1BACC0BF00BD3D7F /* PBXContainerItemProxy */;
		};
/* End PBXTargetDependency section */

/* Begin PBXVariantGroup section */
		2CC112F01BACC0BF00BD3D7F /* Main.storyboard */ = {
			isa = PBXVariantGroup;
			children = (
				2CC112F11BACC0BF00BD3D7F /* Base */,
			);
			name = Main.storyboard;
			sourceTree = "<group>";
		};
		2CC112F51BACC0BF00BD3D7F /* LaunchScreen.xib */ = {
			isa = PBXVariantGroup;
			children = (
				2CC112F61BACC0BF00BD3D7F /* Base */,
			);
			name = LaunchScreen.xib;
			sourceTree = "<group>";
		};
/* End PBXVariantGroup section */

/* Begin XCBuildConfiguration section */
		2CC113041BACC0BF00BD3D7F /* Debug */ = {
			isa = XCBuildConfiguration;
			buildSettings = {
				ALWAYS_SEARCH_USER_PATHS = NO;
				CLANG_CXX_LANGUAGE_STANDARD = "gnu++0x";
				CLANG_CXX_LIBRARY = "libc++";
				CLANG_ENABLE_MODULES = YES;
				CLANG_ENABLE_OBJC_ARC = YES;
				CLANG_WARN_BOOL_CONVERSION = YES;
				CLANG_WARN_CONSTANT_CONVERSION = YES;
				CLANG_WARN_DIRECT_OBJC_ISA_USAGE = YES_ERROR;
				CLANG_WARN_EMPTY_BODY = YES;
				CLANG_WARN_ENUM_CONVERSION = YES;
				CLANG_WARN_INT_CONVERSION = YES;
				CLANG_WARN_OBJC_ROOT_CLASS = YES_ERROR;
				CLANG_WARN_UNREACHABLE_CODE = YES;
				CLANG_WARN__DUPLICATE_METHOD_MATCH = YES;
				"CODE_SIGN_IDENTITY[sdk=iphoneos*]" = "iPhone Developer";
				COPY_PHASE_STRIP = NO;
				DEBUG_INFORMATION_FORMAT = "dwarf-with-dsym";
				ENABLE_STRICT_OBJC_MSGSEND = YES;
				ENABLE_TESTABILITY = YES;
				GCC_C_LANGUAGE_STANDARD = gnu99;
				GCC_DYNAMIC_NO_PIC = NO;
				GCC_NO_COMMON_BLOCKS = YES;
				GCC_OPTIMIZATION_LEVEL = 0;
				GCC_PREPROCESSOR_DEFINITIONS = (
					"DEBUG=1",
					"$(inherited)",
				);
				GCC_SYMBOLS_PRIVATE_EXTERN = NO;
				GCC_WARN_64_TO_32_BIT_CONVERSION = YES;
				GCC_WARN_ABOUT_RETURN_TYPE = YES_ERROR;
				GCC_WARN_UNDECLARED_SELECTOR = YES;
				GCC_WARN_UNINITIALIZED_AUTOS = YES_AGGRESSIVE;
				GCC_WARN_UNUSED_FUNCTION = YES;
				GCC_WARN_UNUSED_VARIABLE = YES;
				IPHONEOS_DEPLOYMENT_TARGET = 8.4;
				MTL_ENABLE_DEBUG_INFO = YES;
				ONLY_ACTIVE_ARCH = YES;
				SDKROOT = iphoneos;
				SWIFT_OPTIMIZATION_LEVEL = "-Onone";
			};
			name = Debug;
		};
		2CC113051BACC0BF00BD3D7F /* Release */ = {
			isa = XCBuildConfiguration;
			buildSettings = {
				ALWAYS_SEARCH_USER_PATHS = NO;
				CLANG_CXX_LANGUAGE_STANDARD = "gnu++0x";
				CLANG_CXX_LIBRARY = "libc++";
				CLANG_ENABLE_MODULES = YES;
				CLANG_ENABLE_OBJC_ARC = YES;
				CLANG_WARN_BOOL_CONVERSION = YES;
				CLANG_WARN_CONSTANT_CONVERSION = YES;
				CLANG_WARN_DIRECT_OBJC_ISA_USAGE = YES_ERROR;
				CLANG_WARN_EMPTY_BODY = YES;
				CLANG_WARN_ENUM_CONVERSION = YES;
				CLANG_WARN_INT_CONVERSION = YES;
				CLANG_WARN_OBJC_ROOT_CLASS = YES_ERROR;
				CLANG_WARN_UNREACHABLE_CODE = YES;
				CLANG_WARN__DUPLICATE_METHOD_MATCH = YES;
				"CODE_SIGN_IDENTITY[sdk=iphoneos*]" = "iPhone Developer";
				COPY_PHASE_STRIP = NO;
				DEBUG_INFORMATION_FORMAT = "dwarf-with-dsym";
				ENABLE_NS_ASSERTIONS = NO;
				ENABLE_STRICT_OBJC_MSGSEND = YES;
				GCC_C_LANGUAGE_STANDARD = gnu99;
				GCC_NO_COMMON_BLOCKS = YES;
				GCC_WARN_64_TO_32_BIT_CONVERSION = YES;
				GCC_WARN_ABOUT_RETURN_TYPE = YES_ERROR;
				GCC_WARN_UNDECLARED_SELECTOR = YES;
				GCC_WARN_UNINITIALIZED_AUTOS = YES_AGGRESSIVE;
				GCC_WARN_UNUSED_FUNCTION = YES;
				GCC_WARN_UNUSED_VARIABLE = YES;
				IPHONEOS_DEPLOYMENT_TARGET = 8.4;
				MTL_ENABLE_DEBUG_INFO = NO;
				SDKROOT = iphoneos;
				VALIDATE_PRODUCT = YES;
			};
			name = Release;
		};
		2CC113071BACC0BF00BD3D7F /* Debug */ = {
			isa = XCBuildConfiguration;
			buildSettings = {
				ASSETCATALOG_COMPILER_APPICON_NAME = AppIcon;
				INFOPLIST_FILE = "Card Table/Info.plist";
				LD_RUNPATH_SEARCH_PATHS = "$(inherited) @executable_path/Frameworks";
				PRODUCT_BUNDLE_IDENTIFIER = "Ethan.$(PRODUCT_NAME:rfc1034identifier)";
				PRODUCT_NAME = "$(TARGET_NAME)";
			};
			name = Debug;
		};
		2CC113081BACC0BF00BD3D7F /* Release */ = {
			isa = XCBuildConfiguration;
			buildSettings = {
				ASSETCATALOG_COMPILER_APPICON_NAME = AppIcon;
				INFOPLIST_FILE = "Card Table/Info.plist";
				LD_RUNPATH_SEARCH_PATHS = "$(inherited) @executable_path/Frameworks";
				PRODUCT_BUNDLE_IDENTIFIER = "Ethan.$(PRODUCT_NAME:rfc1034identifier)";
				PRODUCT_NAME = "$(TARGET_NAME)";
			};
			name = Release;
		};
		2CC1130A1BACC0BF00BD3D7F /* Debug */ = {
			isa = XCBuildConfiguration;
			buildSettings = {
				BUNDLE_LOADER = "$(TEST_HOST)";
				FRAMEWORK_SEARCH_PATHS = (
					"$(SDKROOT)/Developer/Library/Frameworks",
					"$(inherited)",
				);
				GCC_PREPROCESSOR_DEFINITIONS = (
					"DEBUG=1",
					"$(inherited)",
				);
				INFOPLIST_FILE = "Card TableTests/Info.plist";
				LD_RUNPATH_SEARCH_PATHS = "$(inherited) @executable_path/Frameworks @loader_path/Frameworks";
				PRODUCT_BUNDLE_IDENTIFIER = "Ethan.$(PRODUCT_NAME:rfc1034identifier)";
				PRODUCT_NAME = "$(TARGET_NAME)";
				TEST_HOST = "$(BUILT_PRODUCTS_DIR)/Card Table.app/Card Table";
			};
			name = Debug;
		};
		2CC1130B1BACC0BF00BD3D7F /* Release */ = {
			isa = XCBuildConfiguration;
			buildSettings = {
				BUNDLE_LOADER = "$(TEST_HOST)";
				FRAMEWORK_SEARCH_PATHS = (
					"$(SDKROOT)/Developer/Library/Frameworks",
					"$(inherited)",
				);
				INFOPLIST_FILE = "Card TableTests/Info.plist";
				LD_RUNPATH_SEARCH_PATHS = "$(inherited) @executable_path/Frameworks @loader_path/Frameworks";
				PRODUCT_BUNDLE_IDENTIFIER = "Ethan.$(PRODUCT_NAME:rfc1034identifier)";
				PRODUCT_NAME = "$(TARGET_NAME)";
				TEST_HOST = "$(BUILT_PRODUCTS_DIR)/Card Table.app/Card Table";
			};
			name = Release;
		};
/* End XCBuildConfiguration section */

/* Begin XCConfigurationList section */
		2CC112E21BACC0BF00BD3D7F /* Build configuration list for PBXProject "Card Table" */ = {
			isa = XCConfigurationList;
			buildConfigurations = (
				2CC113041BACC0BF00BD3D7F /* Debug */,
				2CC113051BACC0BF00BD3D7F /* Release */,
			);
			defaultConfigurationIsVisible = 0;
			defaultConfigurationName = Release;
		};
		2CC113061BACC0BF00BD3D7F /* Build configuration list for PBXNativeTarget "Card Table" */ = {
			isa = XCConfigurationList;
			buildConfigurations = (
				2CC113071BACC0BF00BD3D7F /* Debug */,
				2CC113081BACC0BF00BD3D7F /* Release */,
			);
			defaultConfigurationIsVisible = 0;
			defaultConfigurationName = Release;
		};
		2CC113091BACC0BF00BD3D7F /* Build configuration list for PBXNativeTarget "Card TableTests" */ = {
			isa = XCConfigurationList;
			buildConfigurations = (
				2CC1130A1BACC0BF00BD3D7F /* Debug */,
				2CC1130B1BACC0BF00BD3D7F /* Release */,
			);
			defaultConfigurationIsVisible = 0;
			defaultConfigurationName = Release;
		};
/* End XCConfigurationList section */
	};
	rootObject = 2CC112DF1BACC0BF00BD3D7F /* Project object */;
}
